
Microsoft Visual Studio Solution File, Format Version 12.00
# Visual Studio Version 16
VisualStudioVersion = 16.0.31911.196
MinimumVisualStudioVersion = 10.0.40219.1
Project("{FAE04EC0-301F-11D3-BF4B-00C04F79EFBC}") = "WindowsFormsApp17", "WindowsFormsApp17\WindowsFormsApp17.csproj", "{075A2BAB-68E2-4107-832B-DA3F9FE8095C}"
EndProject
Global
	GlobalSection(SolutionConfigurationPlatforms) = preSolution
		Debug|Any CPU = Debug|Any CPU
		Release|Any CPU = Release|Any CPU
	EndGlobalSection
	GlobalSection(ProjectConfigurationPlatforms) = postSolution
		{075A2BAB-68E2-4107-832B-DA3F9FE8095C}.Debug|Any CPU.ActiveCfg = Debug|Any CPU
		{075A2BAB-68E2-4107-832B-DA3F9FE8095C}.Debug|Any CPU.Build.0 = Debug|Any CPU
		{075A2BAB-68E2-4107-832B-DA3F9FE8095C}.Release|Any CPU.ActiveCfg = Release|Any CPU
		{075A2BAB-68E2-4107-832B-DA3F9FE8095C}.Release|Any CPU.Build.0 = Release|Any CPU
	EndGlobalSection
	GlobalSection(SolutionProperties) = preSolution
		HideSolutionNode = FALSE
	EndGlobalSection
	GlobalSection(ExtensibilityGlobals) = postSolution
		SolutionGuid = {91FB2C47-35CA-4CC2-99F5-B82CDB7E0C6B}
	EndGlobalSection
EndGlobal
